// !$*UTF8*$!
{
	archiveVersion = 1;
	classes = {
	};
	objectVersion = 56;
	objects = {

/* Begin PBXBuildFile section */
		E9A097D729EB4F7C0087854B /* AppDelegate.swift in Sources */ = {isa = PBXBuildFile; fileRef = E9A097D629EB4F7C0087854B /* AppDelegate.swift */; };
		E9A097D929EB4F7C0087854B /* SceneDelegate.swift in Sources */ = {isa = PBXBuildFile; fileRef = E9A097D829EB4F7C0087854B /* SceneDelegate.swift */; };
		E9A097DB29EB4F7C0087854B /* MyViewController.swift in Sources */ = {isa = PBXBuildFile; fileRef = E9A097DA29EB4F7C0087854B /* MyViewController.swift */; };
		E9A097DE29EB4F7C0087854B /* Main.storyboard in Resources */ = {isa = PBXBuildFile; fileRef = E9A097DC29EB4F7C0087854B /* Main.storyboard */; };
		E9A097E029EB4F7E0087854B /* Assets.xcassets in Resources */ = {isa = PBXBuildFile; fileRef = E9A097DF29EB4F7E0087854B /* Assets.xcassets */; };
		E9A097E329EB4F7E0087854B /* LaunchScreen.storyboard in Resources */ = {isa = PBXBuildFile; fileRef = E9A097E129EB4F7E0087854B /* LaunchScreen.storyboard */; };
		E9A097EE29EB4F7F0087854B /* CounterTests.swift in Sources */ = {isa = PBXBuildFile; fileRef = E9A097ED29EB4F7F0087854B /* CounterTests.swift */; };
		E9A097F829EB4F7F0087854B /* CounterUITests.swift in Sources */ = {isa = PBXBuildFile; fileRef = E9A097F729EB4F7F0087854B /* CounterUITests.swift */; };
		E9A097FA29EB4F7F0087854B /* CounterUITestsLaunchTests.swift in Sources */ = {isa = PBXBuildFile; fileRef = E9A097F929EB4F7F0087854B /* CounterUITestsLaunchTests.swift */; };
		E9A0980729EB509D0087854B /* Counter.swift in Sources */ = {isa = PBXBuildFile; fileRef = E9A0980629EB509D0087854B /* Counter.swift */; };
/* End PBXBuildFile section */

/* Begin PBXContainerItemProxy section */
		E9A097EA29EB4F7F0087854B /* PBXContainerItemProxy */ = {
			isa = PBXContainerItemProxy;
			containerPortal = E9A097CB29EB4F7C0087854B /* Project object */;
			proxyType = 1;
			remoteGlobalIDString = E9A097D229EB4F7C0087854B;
			remoteInfo = Counter;
		};
		E9A097F429EB4F7F0087854B /* PBXContainerItemProxy */ = {
			isa = PBXContainerItemProxy;
			containerPortal = E9A097CB29EB4F7C0087854B /* Project object */;
			proxyType = 1;
			remoteGlobalIDString = E9A097D229EB4F7C0087854B;
			remoteInfo = Counter;
		};
/* End PBXContainerItemProxy section */

/* Begin PBXFileReference section */
		E9A097D329EB4F7C0087854B /* Counter.app */ = {isa = PBXFileReference; explicitFileType = wrapper.application; includeInIndex = 0; path = Counter.app; sourceTree = BUILT_PRODUCTS_DIR; };
		E9A097D629EB4F7C0087854B /* AppDelegate.swift */ = {isa = PBXFileReference; lastKnownFileType = sourcecode.swift; path = AppDelegate.swift; sourceTree = "<group>"; };
		E9A097D829EB4F7C0087854B /* SceneDelegate.swift */ = {isa = PBXFileReference; lastKnownFileType = sourcecode.swift; path = SceneDelegate.swift; sourceTree = "<group>"; };
		E9A097DA29EB4F7C0087854B /* MyViewController.swift */ = {isa = PBXFileReference; lastKnownFileType = sourcecode.swift; path = MyViewController.swift; sourceTree = "<group>"; };
		E9A097DD29EB4F7C0087854B /* Base */ = {isa = PBXFileReference; lastKnownFileType = file.storyboard; name = Base; path = Base.lproj/Main.storyboard; sourceTree = "<group>"; };
		E9A097DF29EB4F7E0087854B /* Assets.xcassets */ = {isa = PBXFileReference; lastKnownFileType = folder.assetcatalog; path = Assets.xcassets; sourceTree = "<group>"; };
		E9A097E229EB4F7E0087854B /* Base */ = {isa = PBXFileReference; lastKnownFileType = file.storyboard; name = Base; path = Base.lproj/LaunchScreen.storyboard; sourceTree = "<group>"; };
		E9A097E429EB4F7E0087854B /* Info.plist */ = {isa = PBXFileReference; lastKnownFileType = text.plist.xml; path = Info.plist; sourceTree = "<group>"; };
		E9A097E929EB4F7F0087854B /* CounterTests.xctest */ = {isa = PBXFileReference; explicitFileType = wrapper.cfbundle; includeInIndex = 0; path = CounterTests.xctest; sourceTree = BUILT_PRODUCTS_DIR; };
		E9A097ED29EB4F7F0087854B /* CounterTests.swift */ = {isa = PBXFileReference; lastKnownFileType = sourcecode.swift; path = CounterTests.swift; sourceTree = "<group>"; };
		E9A097F329EB4F7F0087854B /* CounterUITests.xctest */ = {isa = PBXFileReference; explicitFileType = wrapper.cfbundle; includeInIndex = 0; path = CounterUITests.xctest; sourceTree = BUILT_PRODUCTS_DIR; };
		E9A097F729EB4F7F0087854B /* CounterUITests.swift */ = {isa = PBXFileReference; lastKnownFileType = sourcecode.swift; path = CounterUITests.swift; sourceTree = "<group>"; };
		E9A097F929EB4F7F0087854B /* CounterUITestsLaunchTests.swift */ = {isa = PBXFileReference; lastKnownFileType = sourcecode.swift; path = CounterUITestsLaunchTests.swift; sourceTree = "<group>"; };
		E9A0980629EB509D0087854B /* Counter.swift */ = {isa = PBXFileReference; lastKnownFileType = sourcecode.swift; path = Counter.swift; sourceTree = "<group>"; };
/* End PBXFileReference section */

/* Begin PBXFrameworksBuildPhase section */
		E9A097D029EB4F7C0087854B /* Frameworks */ = {
			isa = PBXFrameworksBuildPhase;
			buildActionMask = 2147483647;
			files = (
			);
			runOnlyForDeploymentPostprocessing = 0;
		};
		E9A097E629EB4F7F0087854B /* Frameworks */ = {
			isa = PBXFrameworksBuildPhase;
			buildActionMask = 2147483647;
			files = (
			);
			runOnlyForDeploymentPostprocessing = 0;
		};
		E9A097F029EB4F7F0087854B /* Frameworks */ = {
			isa = PBXFrameworksBuildPhase;
			buildActionMask = 2147483647;
			files = (
			);
			runOnlyForDeploymentPostprocessing = 0;
		};
/* End PBXFrameworksBuildPhase section */

/* Begin PBXGroup section */
		E9A097CA29EB4F7C0087854B = {
			isa = PBXGroup;
			children = (
				E9A097D529EB4F7C0087854B /* Counter */,
				E9A097EC29EB4F7F0087854B /* CounterTests */,
				E9A097F629EB4F7F0087854B /* CounterUITests */,
				E9A097D429EB4F7C0087854B /* Products */,
			);
			sourceTree = "<group>";
		};
		E9A097D429EB4F7C0087854B /* Products */ = {
			isa = PBXGroup;
			children = (
				E9A097D329EB4F7C0087854B /* Counter.app */,
				E9A097E929EB4F7F0087854B /* CounterTests.xctest */,
				E9A097F329EB4F7F0087854B /* CounterUITests.xctest */,
			);
			name = Products;
			sourceTree = "<group>";
		};
		E9A097D529EB4F7C0087854B /* Counter */ = {
			isa = PBXGroup;
			children = (
				E9A097D629EB4F7C0087854B /* AppDelegate.swift */,
				E9A097D829EB4F7C0087854B /* SceneDelegate.swift */,
				E9A097DA29EB4F7C0087854B /* MyViewController.swift */,
				E9A097DC29EB4F7C0087854B /* Main.storyboard */,
				E9A097DF29EB4F7E0087854B /* Assets.xcassets */,
				E9A097E129EB4F7E0087854B /* LaunchScreen.storyboard */,
				E9A097E429EB4F7E0087854B /* Info.plist */,
				E9A0980629EB509D0087854B /* Counter.swift */,
			);
			path = Counter;
			sourceTree = "<group>";
		};
		E9A097EC29EB4F7F0087854B /* CounterTests */ = {
			isa = PBXGroup;
			children = (
				E9A097ED29EB4F7F0087854B /* CounterTests.swift */,
			);
			path = CounterTests;
			sourceTree = "<group>";
		};
		E9A097F629EB4F7F0087854B /* CounterUITests */ = {
			isa = PBXGroup;
			children = (
				E9A097F729EB4F7F0087854B /* CounterUITests.swift */,
				E9A097F929EB4F7F0087854B /* CounterUITestsLaunchTests.swift */,
			);
			path = CounterUITests;
			sourceTree = "<group>";
		};
/* End PBXGroup section */

/* Begin PBXNativeTarget section */
		E9A097D229EB4F7C0087854B /* Counter */ = {
			isa = PBXNativeTarget;
			buildConfigurationList = E9A097FD29EB4F7F0087854B /* Build configuration list for PBXNativeTarget "Counter" */;
			buildPhases = (
				E9A097CF29EB4F7C0087854B /* Sources */,
				E9A097D029EB4F7C0087854B /* Frameworks */,
				E9A097D129EB4F7C0087854B /* Resources */,
			);
			buildRules = (
			);
			dependencies = (
			);
			name = Counter;
			productName = Counter;
			productReference = E9A097D329EB4F7C0087854B /* Counter.app */;
			productType = "com.apple.product-type.application";
		};
		E9A097E829EB4F7F0087854B /* CounterTests */ = {
			isa = PBXNativeTarget;
			buildConfigurationList = E9A0980029EB4F7F0087854B /* Build configuration list for PBXNativeTarget "CounterTests" */;
			buildPhases = (
				E9A097E529EB4F7F0087854B /* Sources */,
				E9A097E629EB4F7F0087854B /* Frameworks */,
				E9A097E729EB4F7F0087854B /* Resources */,
			);
			buildRules = (
			);
			dependencies = (
				E9A097EB29EB4F7F0087854B /* PBXTargetDependency */,
			);
			name = CounterTests;
			productName = CounterTests;
			productReference = E9A097E929EB4F7F0087854B /* CounterTests.xctest */;
			productType = "com.apple.product-type.bundle.unit-test";
		};
		E9A097F229EB4F7F0087854B /* CounterUITests */ = {
			isa = PBXNativeTarget;
			buildConfigurationList = E9A0980329EB4F7F0087854B /* Build configuration list for PBXNativeTarget "CounterUITests" */;
			buildPhases = (
				E9A097EF29EB4F7F0087854B /* Sources */,
				E9A097F029EB4F7F0087854B /* Frameworks */,
				E9A097F129EB4F7F0087854B /* Resources */,
			);
			buildRules = (
			);
			dependencies = (
				E9A097F529EB4F7F0087854B /* PBXTargetDependency */,
			);
			name = CounterUITests;
			productName = CounterUITests;
			productReference = E9A097F329EB4F7F0087854B /* CounterUITests.xctest */;
			productType = "com.apple.product-type.bundle.ui-testing";
		};
/* End PBXNativeTarget section */

/* Begin PBXProject section */
		E9A097CB29EB4F7C0087854B /* Project object */ = {
			isa = PBXProject;
			attributes = {
				BuildIndependentTargetsInParallel = 1;
				LastSwiftUpdateCheck = 1430;
				LastUpgradeCheck = 1430;
				TargetAttributes = {
					E9A097D229EB4F7C0087854B = {
						CreatedOnToolsVersion = 14.3;
					};
					E9A097E829EB4F7F0087854B = {
						CreatedOnToolsVersion = 14.3;
						TestTargetID = E9A097D229EB4F7C0087854B;
					};
					E9A097F229EB4F7F0087854B = {
						CreatedOnToolsVersion = 14.3;
						TestTargetID = E9A097D229EB4F7C0087854B;
					};
				};
			};
			buildConfigurationList = E9A097CE29EB4F7C0087854B /* Build configuration list for PBXProject "Counter" */;
			compatibilityVersion = "Xcode 14.0";
			developmentRegion = en;
			hasScannedForEncodings = 0;
			knownRegions = (
				en,
				Base,
			);
			mainGroup = E9A097CA29EB4F7C0087854B;
			productRefGroup = E9A097D429EB4F7C0087854B /* Products */;
			projectDirPath = "";
			projectRoot = "";
			targets = (
				E9A097D229EB4F7C0087854B /* Counter */,
				E9A097E829EB4F7F0087854B /* CounterTests */,
				E9A097F229EB4F7F0087854B /* CounterUITests */,
			);
		};
/* End PBXProject section */

/* Begin PBXResourcesBuildPhase section */
		E9A097D129EB4F7C0087854B /* Resources */ = {
			isa = PBXResourcesBuildPhase;
			buildActionMask = 2147483647;
			files = (
				E9A097E329EB4F7E0087854B /* LaunchScreen.storyboard in Resources */,
				E9A097E029EB4F7E0087854B /* Assets.xcassets in Resources */,
				E9A097DE29EB4F7C0087854B /* Main.storyboard in Resources */,
			);
			runOnlyForDeploymentPostprocessing = 0;
		};
		E9A097E729EB4F7F0087854B /* Resources */ = {
			isa = PBXResourcesBuildPhase;
			buildActionMask = 2147483647;
			files = (
			);
			runOnlyForDeploymentPostprocessing = 0;
		};
		E9A097F129EB4F7F0087854B /* Resources */ = {
			isa = PBXResourcesBuildPhase;
			buildActionMask = 2147483647;
			files = (
			);
			runOnlyForDeploymentPostprocessing = 0;
		};
/* End PBXResourcesBuildPhase section */

/* Begin PBXSourcesBuildPhase section */
		E9A097CF29EB4F7C0087854B /* Sources */ = {
			isa = PBXSourcesBuildPhase;
			buildActionMask = 2147483647;
			files = (
				E9A0980729EB509D0087854B /* Counter.swift in Sources */,
				E9A097DB29EB4F7C0087854B /* MyViewController.swift in Sources */,
				E9A097D729EB4F7C0087854B /* AppDelegate.swift in Sources */,
				E9A097D929EB4F7C0087854B /* SceneDelegate.swift in Sources */,
			);
			runOnlyForDeploymentPostprocessing = 0;
		};
		E9A097E529EB4F7F0087854B /* Sources */ = {
			isa = PBXSourcesBuildPhase;
			buildActionMask = 2147483647;
			files = (
				E9A097EE29EB4F7F0087854B /* CounterTests.swift in Sources */,
			);
			runOnlyForDeploymentPostprocessing = 0;
		};
		E9A097EF29EB4F7F0087854B /* Sources */ = {
			isa = PBXSourcesBuildPhase;
			buildActionMask = 2147483647;
			files = (
				E9A097F829EB4F7F0087854B /* CounterUITests.swift in Sources */,
				E9A097FA29EB4F7F0087854B /* CounterUITestsLaunchTests.swift in Sources */,
			);
			runOnlyForDeploymentPostprocessing = 0;
		};
/* End PBXSourcesBuildPhase section */

/* Begin PBXTargetDependency section */
		E9A097EB29EB4F7F0087854B /* PBXTargetDependency */ = {
			isa = PBXTargetDependency;
			target = E9A097D229EB4F7C0087854B /* Counter */;
			targetProxy = E9A097EA29EB4F7F0087854B /* PBXContainerItemProxy */;
		};
		E9A097F529EB4F7F0087854B /* PBXTargetDependency */ = {
			isa = PBXTargetDependency;
			target = E9A097D229EB4F7C0087854B /* Counter */;
			targetProxy = E9A097F429EB4F7F0087854B /* PBXContainerItemProxy */;
		};
/* End PBXTargetDependency section */

/* Begin PBXVariantGroup section */
		E9A097DC29EB4F7C0087854B /* Main.storyboard */ = {
			isa = PBXVariantGroup;
			children = (
				E9A097DD29EB4F7C0087854B /* Base */,
			);
			name = Main.storyboard;
			sourceTree = "<group>";
		};
		E9A097E129EB4F7E0087854B /* LaunchScreen.storyboard */ = {
			isa = PBXVariantGroup;
			children = (
				E9A097E229EB4F7E0087854B /* Base */,
			);
			name = LaunchScreen.storyboard;
			sourceTree = "<group>";
		};
/* End PBXVariantGroup section */

/* Begin XCBuildConfiguration section */
		E9A097FB29EB4F7F0087854B /* Debug */ = {
			isa = XCBuildConfiguration;
			buildSettings = {
				ALWAYS_SEARCH_USER_PATHS = NO;
				CLANG_ANALYZER_NONNULL = YES;
				CLANG_ANALYZER_NUMBER_OBJECT_CONVERSION = YES_AGGRESSIVE;
				CLANG_CXX_LANGUAGE_STANDARD = "gnu++20";
				CLANG_ENABLE_MODULES = YES;
				CLANG_ENABLE_OBJC_ARC = YES;
				CLANG_ENABLE_OBJC_WEAK = YES;
				CLANG_WARN_BLOCK_CAPTURE_AUTORELEASING = YES;
				CLANG_WARN_BOOL_CONVERSION = YES;
				CLANG_WARN_COMMA = YES;
				CLANG_WARN_CONSTANT_CONVERSION = YES;
				CLANG_WARN_DEPRECATED_OBJC_IMPLEMENTATIONS = YES;
				CLANG_WARN_DIRECT_OBJC_ISA_USAGE = YES_ERROR;
				CLANG_WARN_DOCUMENTATION_COMMENTS = YES;
				CLANG_WARN_EMPTY_BODY = YES;
				CLANG_WARN_ENUM_CONVERSION = YES;
				CLANG_WARN_INFINITE_RECURSION = YES;
				CLANG_WARN_INT_CONVERSION = YES;
				CLANG_WARN_NON_LITERAL_NULL_CONVERSION = YES;
				CLANG_WARN_OBJC_IMPLICIT_RETAIN_SELF = YES;
				CLANG_WARN_OBJC_LITERAL_CONVERSION = YES;
				CLANG_WARN_OBJC_ROOT_CLASS = YES_ERROR;
				CLANG_WARN_QUOTED_INCLUDE_IN_FRAMEWORK_HEADER = YES;
				CLANG_WARN_RANGE_LOOP_ANALYSIS = YES;
				CLANG_WARN_STRICT_PROTOTYPES = YES;
				CLANG_WARN_SUSPICIOUS_MOVE = YES;
				CLANG_WARN_UNGUARDED_AVAILABILITY = YES_AGGRESSIVE;
				CLANG_WARN_UNREACHABLE_CODE = YES;
				CLANG_WARN__DUPLICATE_METHOD_MATCH = YES;
				COPY_PHASE_STRIP = NO;
				DEBUG_INFORMATION_FORMAT = dwarf;
				ENABLE_STRICT_OBJC_MSGSEND = YES;
				ENABLE_TESTABILITY = YES;
				GCC_C_LANGUAGE_STANDARD = gnu11;
				GCC_DYNAMIC_NO_PIC = NO;
				GCC_NO_COMMON_BLOCKS = YES;
				GCC_OPTIMIZATION_LEVEL = 0;
				GCC_PREPROCESSOR_DEFINITIONS = (
					"DEBUG=1",
					"$(inherited)",
				);
				GCC_WARN_64_TO_32_BIT_CONVERSION = YES;
				GCC_WARN_ABOUT_RETURN_TYPE = YES_ERROR;
				GCC_WARN_UNDECLARED_SELECTOR = YES;
				GCC_WARN_UNINITIALIZED_AUTOS = YES_AGGRESSIVE;
				GCC_WARN_UNUSED_FUNCTION = YES;
				GCC_WARN_UNUSED_VARIABLE = YES;
				IPHONEOS_DEPLOYMENT_TARGET = 16.4;
				MTL_ENABLE_DEBUG_INFO = INCLUDE_SOURCE;
				MTL_FAST_MATH = YES;
				ONLY_ACTIVE_ARCH = YES;
				SDKROOT = iphoneos;
				SWIFT_ACTIVE_COMPILATION_CONDITIONS = DEBUG;
				SWIFT_OPTIMIZATION_LEVEL = "-Onone";
			};
			name = Debug;
		};
		E9A097FC29EB4F7F0087854B /* Release */ = {
			isa = XCBuildConfiguration;
			buildSettings = {
				ALWAYS_SEARCH_USER_PATHS = NO;
				CLANG_ANALYZER_NONNULL = YES;
				CLANG_ANALYZER_NUMBER_OBJECT_CONVERSION = YES_AGGRESSIVE;
				CLANG_CXX_LANGUAGE_STANDARD = "gnu++20";
				CLANG_ENABLE_MODULES = YES;
				CLANG_ENABLE_OBJC_ARC = YES;
				CLANG_ENABLE_OBJC_WEAK = YES;
				CLANG_WARN_BLOCK_CAPTURE_AUTORELEASING = YES;
				CLANG_WARN_BOOL_CONVERSION = YES;
				CLANG_WARN_COMMA = YES;
				CLANG_WARN_CONSTANT_CONVERSION = YES;
				CLANG_WARN_DEPRECATED_OBJC_IMPLEMENTATIONS = YES;
				CLANG_WARN_DIRECT_OBJC_ISA_USAGE = YES_ERROR;
				CLANG_WARN_DOCUMENTATION_COMMENTS = YES;
				CLANG_WARN_EMPTY_BODY = YES;
				CLANG_WARN_ENUM_CONVERSION = YES;
				CLANG_WARN_INFINITE_RECURSION = YES;
				CLANG_WARN_INT_CONVERSION = YES;
				CLANG_WARN_NON_LITERAL_NULL_CONVERSION = YES;
				CLANG_WARN_OBJC_IMPLICIT_RETAIN_SELF = YES;
				CLANG_WARN_OBJC_LITERAL_CONVERSION = YES;
				CLANG_WARN_OBJC_ROOT_CLASS = YES_ERROR;
				CLANG_WARN_QUOTED_INCLUDE_IN_FRAMEWORK_HEADER = YES;
				CLANG_WARN_RANGE_LOOP_ANALYSIS = YES;
				CLANG_WARN_STRICT_PROTOTYPES = YES;
				CLANG_WARN_SUSPICIOUS_MOVE = YES;
				CLANG_WARN_UNGUARDED_AVAILABILITY = YES_AGGRESSIVE;
				CLANG_WARN_UNREACHABLE_CODE = YES;
				CLANG_WARN__DUPLICATE_METHOD_MATCH = YES;
				COPY_PHASE_STRIP = NO;
				DEBUG_INFORMATION_FORMAT = "dwarf-with-dsym";
				ENABLE_NS_ASSERTIONS = NO;
				ENABLE_STRICT_OBJC_MSGSEND = YES;
				GCC_C_LANGUAGE_STANDARD = gnu11;
				GCC_NO_COMMON_BLOCKS = YES;
				GCC_WARN_64_TO_32_BIT_CONVERSION = YES;
				GCC_WARN_ABOUT_RETURN_TYPE = YES_ERROR;
				GCC_WARN_UNDECLARED_SELECTOR = YES;
				GCC_WARN_UNINITIALIZED_AUTOS = YES_AGGRESSIVE;
				GCC_WARN_UNUSED_FUNCTION = YES;
				GCC_WARN_UNUSED_VARIABLE = YES;
				IPHONEOS_DEPLOYMENT_TARGET = 16.4;
				MTL_ENABLE_DEBUG_INFO = NO;
				MTL_FAST_MATH = YES;
				SDKROOT = iphoneos;
				SWIFT_COMPILATION_MODE = wholemodule;
				SWIFT_OPTIMIZATION_LEVEL = "-O";
				VALIDATE_PRODUCT = YES;
			};
			name = Release;
		};
		E9A097FE29EB4F7F0087854B /* Debug */ = {
			isa = XCBuildConfiguration;
			buildSettings = {
				ASSETCATALOG_COMPILER_APPICON_NAME = AppIcon;
				ASSETCATALOG_COMPILER_GLOBAL_ACCENT_COLOR_NAME = AccentColor;
				CODE_SIGN_STYLE = Automatic;
				CURRENT_PROJECT_VERSION = 1;
				DEVELOPMENT_TEAM = 3LKWW87KA9;
				GENERATE_INFOPLIST_FILE = YES;
				INFOPLIST_FILE = Counter/Info.plist;
				INFOPLIST_KEY_CFBundleDisplayName = "Counter +";
				INFOPLIST_KEY_LSApplicationCategoryType = "public.app-category.utilities";
				INFOPLIST_KEY_UIApplicationSupportsIndirectInputEvents = YES;
				INFOPLIST_KEY_UILaunchStoryboardName = LaunchScreen;
				INFOPLIST_KEY_UIMainStoryboardFile = Main;
				INFOPLIST_KEY_UISupportedInterfaceOrientations = UIInterfaceOrientationPortrait;
				INFOPLIST_KEY_UISupportedInterfaceOrientations_iPad = "UIInterfaceOrientationLandscapeLeft UIInterfaceOrientationLandscapeRight UIInterfaceOrientationPortrait UIInterfaceOrientationPortraitUpsideDown";
				IPHONEOS_DEPLOYMENT_TARGET = 16.4;
				LD_RUNPATH_SEARCH_PATHS = (
					"$(inherited)",
					"@executable_path/Frameworks",
				);
				MARKETING_VERSION = 1.0;
				PRODUCT_BUNDLE_IDENTIFIER = ru.kemenov.Counter;
				PRODUCT_NAME = "$(TARGET_NAME)";
				SUPPORTED_PLATFORMS = "iphoneos iphonesimulator";
				SUPPORTS_MACCATALYST = NO;
				SUPPORTS_MAC_DESIGNED_FOR_IPHONE_IPAD = YES;
				SWIFT_EMIT_LOC_STRINGS = YES;
				SWIFT_VERSION = 5.0;
				TARGETED_DEVICE_FAMILY = 1;
			};
			name = Debug;
		};
		E9A097FF29EB4F7F0087854B /* Release */ = {
			isa = XCBuildConfiguration;
			buildSettings = {
				ASSETCATALOG_COMPILER_APPICON_NAME = AppIcon;
				ASSETCATALOG_COMPILER_GLOBAL_ACCENT_COLOR_NAME = AccentColor;
				CODE_SIGN_STYLE = Automatic;
				CURRENT_PROJECT_VERSION = 1;
				DEVELOPMENT_TEAM = 3LKWW87KA9;
				GENERATE_INFOPLIST_FILE = YES;
				INFOPLIST_FILE = Counter/Info.plist;
				INFOPLIST_KEY_CFBundleDisplayName = "Counter +";
				INFOPLIST_KEY_LSApplicationCategoryType = "public.app-category.utilities";
				INFOPLIST_KEY_UIApplicationSupportsIndirectInputEvents = YES;
				INFOPLIST_KEY_UILaunchStoryboardName = LaunchScreen;
				INFOPLIST_KEY_UIMainStoryboardFile = Main;
				INFOPLIST_KEY_UISupportedInterfaceOrientations = UIInterfaceOrientationPortrait;
				INFOPLIST_KEY_UISupportedInterfaceOrientations_iPad = "UIInterfaceOrientationLandscapeLeft UIInterfaceOrientationLandscapeRight UIInterfaceOrientationPortrait UIInterfaceOrientationPortraitUpsideDown";
				IPHONEOS_DEPLOYMENT_TARGET = 16.4;
				LD_RUNPATH_SEARCH_PATHS = (
					"$(inherited)",
					"@executable_path/Frameworks",
				);
				MARKETING_VERSION = 1.0;
				PRODUCT_BUNDLE_IDENTIFIER = ru.kemenov.Counter;
				PRODUCT_NAME = "$(TARGET_NAME)";
				SUPPORTED_PLATFORMS = "iphoneos iphonesimulator";
				SUPPORTS_MACCATALYST = NO;
				SUPPORTS_MAC_DESIGNED_FOR_IPHONE_IPAD = YES;
				SWIFT_EMIT_LOC_STRINGS = YES;
				SWIFT_VERSION = 5.0;
				TARGETED_DEVICE_FAMILY = 1;
			};
			name = Release;
		};
		E9A0980129EB4F7F0087854B /* Debug */ = {
			isa = XCBuildConfiguration;
			buildSettings = {
				ALWAYS_EMBED_SWIFT_STANDARD_LIBRARIES = YES;
				BUNDLE_LOADER = "$(TEST_HOST)";
				CODE_SIGN_STYLE = Automatic;
				CURRENT_PROJECT_VERSION = 1;
				DEVELOPMENT_TEAM = 3LKWW87KA9;
				GENERATE_INFOPLIST_FILE = YES;
				IPHONEOS_DEPLOYMENT_TARGET = 16.4;
				MARKETING_VERSION = 1.0;
				PRODUCT_BUNDLE_IDENTIFIER = ru.kemenov.CounterTests;
				PRODUCT_NAME = "$(TARGET_NAME)";
				SWIFT_EMIT_LOC_STRINGS = NO;
				SWIFT_VERSION = 5.0;
				TARGETED_DEVICE_FAMILY = "1,2";
				TEST_HOST = "$(BUILT_PRODUCTS_DIR)/Counter.app/$(BUNDLE_EXECUTABLE_FOLDER_PATH)/Counter";
			};
			name = Debug;
		};
		E9A0980229EB4F7F0087854B /* Release */ = {
			isa = XCBuildConfiguration;
			buildSettings = {
				ALWAYS_EMBED_SWIFT_STANDARD_LIBRARIES = YES;
				BUNDLE_LOADER = "$(TEST_HOST)";
				CODE_SIGN_STYLE = Automatic;
				CURRENT_PROJECT_VERSION = 1;
				DEVELOPMENT_TEAM = 3LKWW87KA9;
				GENERATE_INFOPLIST_FILE = YES;
				IPHONEOS_DEPLOYMENT_TARGET = 16.4;
				MARKETING_VERSION = 1.0;
				PRODUCT_BUNDLE_IDENTIFIER = ru.kemenov.CounterTests;
				PRODUCT_NAME = "$(TARGET_NAME)";
				SWIFT_EMIT_LOC_STRINGS = NO;
				SWIFT_VERSION = 5.0;
				TARGETED_DEVICE_FAMILY = "1,2";
				TEST_HOST = "$(BUILT_PRODUCTS_DIR)/Counter.app/$(BUNDLE_EXECUTABLE_FOLDER_PATH)/Counter";
			};
			name = Release;
		};
		E9A0980429EB4F7F0087854B /* Debug */ = {
			isa = XCBuildConfiguration;
			buildSettings = {
				ALWAYS_EMBED_SWIFT_STANDARD_LIBRARIES = YES;
				CODE_SIGN_STYLE = Automatic;
				CURRENT_PROJECT_VERSION = 1;
				DEVELOPMENT_TEAM = 3LKWW87KA9;
				GENERATE_INFOPLIST_FILE = YES;
				MARKETING_VERSION = 1.0;
				PRODUCT_BUNDLE_IDENTIFIER = ru.kemenov.CounterUITests;
				PRODUCT_NAME = "$(TARGET_NAME)";
				SWIFT_EMIT_LOC_STRINGS = NO;
				SWIFT_VERSION = 5.0;
				TARGETED_DEVICE_FAMILY = "1,2";
				TEST_TARGET_NAME = Counter;
			};
			name = Debug;
		};
		E9A0980529EB4F7F0087854B /* Release */ = {
			isa = XCBuildConfiguration;
			buildSettings = {
				ALWAYS_EMBED_SWIFT_STANDARD_LIBRARIES = YES;
				CODE_SIGN_STYLE = Automatic;
				CURRENT_PROJECT_VERSION = 1;
				DEVELOPMENT_TEAM = 3LKWW87KA9;
				GENERATE_INFOPLIST_FILE = YES;
				MARKETING_VERSION = 1.0;
				PRODUCT_BUNDLE_IDENTIFIER = ru.kemenov.CounterUITests;
				PRODUCT_NAME = "$(TARGET_NAME)";
				SWIFT_EMIT_LOC_STRINGS = NO;
				SWIFT_VERSION = 5.0;
				TARGETED_DEVICE_FAMILY = "1,2";
				TEST_TARGET_NAME = Counter;
			};
			name = Release;
		};
/* End XCBuildConfiguration section */

/* Begin XCConfigurationList section */
		E9A097CE29EB4F7C0087854B /* Build configuration list for PBXProject "Counter" */ = {
			isa = XCConfigurationList;
			buildConfigurations = (
				E9A097FB29EB4F7F0087854B /* Debug */,
				E9A097FC29EB4F7F0087854B /* Release */,
			);
			defaultConfigurationIsVisible = 0;
			defaultConfigurationName = Release;
		};
		E9A097FD29EB4F7F0087854B /* Build configuration list for PBXNativeTarget "Counter" */ = {
			isa = XCConfigurationList;
			buildConfigurations = (
				E9A097FE29EB4F7F0087854B /* Debug */,
				E9A097FF29EB4F7F0087854B /* Release */,
			);
			defaultConfigurationIsVisible = 0;
			defaultConfigurationName = Release;
		};
		E9A0980029EB4F7F0087854B /* Build configuration list for PBXNativeTarget "CounterTests" */ = {
			isa = XCConfigurationList;
			buildConfigurations = (
				E9A0980129EB4F7F0087854B /* Debug */,
				E9A0980229EB4F7F0087854B /* Release */,
			);
			defaultConfigurationIsVisible = 0;
			defaultConfigurationName = Release;
		};
		E9A0980329EB4F7F0087854B /* Build configuration list for PBXNativeTarget "CounterUITests" */ = {
			isa = XCConfigurationList;
			buildConfigurations = (
				E9A0980429EB4F7F0087854B /* Debug */,
				E9A0980529EB4F7F0087854B /* Release */,
			);
			defaultConfigurationIsVisible = 0;
			defaultConfigurationName = Release;
		};
/* End XCConfigurationList section */
	};
	rootObject = E9A097CB29EB4F7C0087854B /* Project object */;
}
